// !$*UTF8*$!
{
	archiveVersion = 1;
	classes = {
	};
	objectVersion = 46;
	objects = {

/* Begin PBXBuildFile section */
		9F550DE31DC205D0004D3C8D /* MemberList.cpp in Sources */ = {isa = PBXBuildFile; fileRef = 9F550DE11DC205D0004D3C8D /* MemberList.cpp */; };
		9F550DE61DC20977004D3C8D /* GoodsSearchMenu.cpp in Sources */ = {isa = PBXBuildFile; fileRef = 9F550DE41DC20977004D3C8D /* GoodsSearchMenu.cpp */; };
		9F550DE91DC209B9004D3C8D /* GoodsInfo.cpp in Sources */ = {isa = PBXBuildFile; fileRef = 9F550DE71DC209B9004D3C8D /* GoodsInfo.cpp */; };
		9F550DEC1DC209E1004D3C8D /* GoodsRegister.cpp in Sources */ = {isa = PBXBuildFile; fileRef = 9F550DEA1DC209E1004D3C8D /* GoodsRegister.cpp */; };
		9F550DEF1DC20A15004D3C8D /* GoodsList.cpp in Sources */ = {isa = PBXBuildFile; fileRef = 9F550DED1DC20A15004D3C8D /* GoodsList.cpp */; };
		9F7DFA151DBF42360076278E /* main.cpp in Sources */ = {isa = PBXBuildFile; fileRef = 9F7DFA141DBF42360076278E /* main.cpp */; };
		9F7DFA1E1DBF423B0076278E /* Exception.cpp in Sources */ = {isa = PBXBuildFile; fileRef = 9F7DFA161DBF423B0076278E /* Exception.cpp */; };
		9F7DFA1F1DBF423B0076278E /* FileReader.cpp in Sources */ = {isa = PBXBuildFile; fileRef = 9F7DFA181DBF423B0076278E /* FileReader.cpp */; };
		9F7DFA201DBF423B0076278E /* FileWriter.cpp in Sources */ = {isa = PBXBuildFile; fileRef = 9F7DFA1A1DBF423B0076278E /* FileWriter.cpp */; };
		9F7DFA211DBF423B0076278E /* RandomGenerator.cpp in Sources */ = {isa = PBXBuildFile; fileRef = 9F7DFA1C1DBF423B0076278E /* RandomGenerator.cpp */; };
		9F7DFA2E1DBF42410076278E /* Database.cpp in Sources */ = {isa = PBXBuildFile; fileRef = 9F7DFA221DBF42410076278E /* Database.cpp */; };
		9F7DFA2F1DBF42410076278E /* Date.cpp in Sources */ = {isa = PBXBuildFile; fileRef = 9F7DFA241DBF42410076278E /* Date.cpp */; };
		9F7DFA301DBF42410076278E /* DVD.cpp in Sources */ = {isa = PBXBuildFile; fileRef = 9F7DFA261DBF42410076278E /* DVD.cpp */; };
		9F7DFA311DBF42410076278E /* Member.cpp in Sources */ = {isa = PBXBuildFile; fileRef = 9F7DFA281DBF42410076278E /* Member.cpp */; };
		9F7DFA321DBF42410076278E /* RentalData.cpp in Sources */ = {isa = PBXBuildFile; fileRef = 9F7DFA2A1DBF42410076278E /* RentalData.cpp */; };
		9F7DFA331DBF42410076278E /* Store.cpp in Sources */ = {isa = PBXBuildFile; fileRef = 9F7DFA2C1DBF42410076278E /* Store.cpp */; };
		9F7DFA3F1DBF42470076278E /* Menu.cpp in Sources */ = {isa = PBXBuildFile; fileRef = 9F7DFA361DBF42470076278E /* Menu.cpp */; };
		9F7DFA401DBF42470076278E /* Paginator.cpp in Sources */ = {isa = PBXBuildFile; fileRef = 9F7DFA381DBF42470076278E /* Paginator.cpp */; };
		9F7DFA411DBF42470076278E /* Selector.cpp in Sources */ = {isa = PBXBuildFile; fileRef = 9F7DFA3A1DBF42470076278E /* Selector.cpp */; };
		9F7DFA421DBF42470076278E /* YesNo.cpp in Sources */ = {isa = PBXBuildFile; fileRef = 9F7DFA3C1DBF42470076278E /* YesNo.cpp */; };
		9F7DFA481DC05EAF0076278E /* StuffMainMenu.cpp in Sources */ = {isa = PBXBuildFile; fileRef = 9F7DFA461DC05EAF0076278E /* StuffMainMenu.cpp */; };
		9F7DFA541DC061960076278E /* StoreManageMenu.cpp in Sources */ = {isa = PBXBuildFile; fileRef = 9F7DFA501DC061960076278E /* StoreManageMenu.cpp */; };
		9F7DFA551DC061960076278E /* StoreSearchMenu.cpp in Sources */ = {isa = PBXBuildFile; fileRef = 9F7DFA521DC061960076278E /* StoreSearchMenu.cpp */; };
		9F7DFA581DC061A00076278E /* Input.cpp in Sources */ = {isa = PBXBuildFile; fileRef = 9F7DFA561DC061A00076278E /* Input.cpp */; };
		9F7DFA5B1DC064C60076278E /* StoreInfo.cpp in Sources */ = {isa = PBXBuildFile; fileRef = 9F7DFA591DC064C60076278E /* StoreInfo.cpp */; };
		9F7DFA5E1DC1C2660076278E /* StoreRegister.cpp in Sources */ = {isa = PBXBuildFile; fileRef = 9F7DFA5C1DC1C2660076278E /* StoreRegister.cpp */; };
		9F7DFA611DC1C4CA0076278E /* StoreList.cpp in Sources */ = {isa = PBXBuildFile; fileRef = 9F7DFA5F1DC1C4CA0076278E /* StoreList.cpp */; };
		9F7DFA641DC1CA5D0076278E /* Utility.cpp in Sources */ = {isa = PBXBuildFile; fileRef = 9F7DFA621DC1CA5D0076278E /* Utility.cpp */; };
		9F7DFA681DC1CE0F0076278E /* RentalMenu.cpp in Sources */ = {isa = PBXBuildFile; fileRef = 9F7DFA661DC1CE0F0076278E /* RentalMenu.cpp */; };
		9F7DFA6D1DC1CE970076278E /* MemberManageMenu.cpp in Sources */ = {isa = PBXBuildFile; fileRef = 9F7DFA6B1DC1CE970076278E /* MemberManageMenu.cpp */; };
		9F7DFA701DC1CEE20076278E /* GoodsManageMenu.cpp in Sources */ = {isa = PBXBuildFile; fileRef = 9F7DFA6E1DC1CEE20076278E /* GoodsManageMenu.cpp */; };
		9F7DFA731DC1CFC50076278E /* Lend.cpp in Sources */ = {isa = PBXBuildFile; fileRef = 9F7DFA711DC1CFC50076278E /* Lend.cpp */; };
		9F7DFA761DC1D1560076278E /* Input.cpp in Sources */ = {isa = PBXBuildFile; fileRef = 9F7DFA741DC1D1560076278E /* Input.cpp */; };
		9F7DFA791DC1D2050076278E /* Input.cpp in Sources */ = {isa = PBXBuildFile; fileRef = 9F7DFA771DC1D2050076278E /* Input.cpp */; };
		9F7DFA7C1DC1D7D70076278E /* Return.cpp in Sources */ = {isa = PBXBuildFile; fileRef = 9F7DFA7A1DC1D7D70076278E /* Return.cpp */; };
		9F7DFA7F1DC1DC3C0076278E /* MemberRegister.cpp in Sources */ = {isa = PBXBuildFile; fileRef = 9F7DFA7D1DC1DC3C0076278E /* MemberRegister.cpp */; };
		9F7DFA821DC1E22C0076278E /* MemberSearchMenu.cpp in Sources */ = {isa = PBXBuildFile; fileRef = 9F7DFA801DC1E22C0076278E /* MemberSearchMenu.cpp */; };
		9F7DFA851DC1E33F0076278E /* MemberInfo.cpp in Sources */ = {isa = PBXBuildFile; fileRef = 9F7DFA831DC1E33F0076278E /* MemberInfo.cpp */; };
/* End PBXBuildFile section */

/* Begin PBXCopyFilesBuildPhase section */
		9F7DFA041DBF41C40076278E /* CopyFiles */ = {
			isa = PBXCopyFilesBuildPhase;
			buildActionMask = 2147483647;
			dstPath = /usr/share/man/man1/;
			dstSubfolderSpec = 0;
			files = (
			);
			runOnlyForDeploymentPostprocessing = 1;
		};
/* End PBXCopyFilesBuildPhase section */

/* Begin PBXFileReference section */
		9F550DE11DC205D0004D3C8D /* MemberList.cpp */ = {isa = PBXFileReference; fileEncoding = 4; lastKnownFileType = sourcecode.cpp.cpp; path = MemberList.cpp; sourceTree = "<group>"; };
		9F550DE21DC205D0004D3C8D /* MemberList.hpp */ = {isa = PBXFileReference; fileEncoding = 4; lastKnownFileType = sourcecode.cpp.h; path = MemberList.hpp; sourceTree = "<group>"; };
		9F550DE41DC20977004D3C8D /* GoodsSearchMenu.cpp */ = {isa = PBXFileReference; fileEncoding = 4; lastKnownFileType = sourcecode.cpp.cpp; path = GoodsSearchMenu.cpp; sourceTree = "<group>"; };
		9F550DE51DC20977004D3C8D /* GoodsSearchMenu.hpp */ = {isa = PBXFileReference; fileEncoding = 4; lastKnownFileType = sourcecode.cpp.h; path = GoodsSearchMenu.hpp; sourceTree = "<group>"; };
		9F550DE71DC209B9004D3C8D /* GoodsInfo.cpp */ = {isa = PBXFileReference; fileEncoding = 4; lastKnownFileType = sourcecode.cpp.cpp; path = GoodsInfo.cpp; sourceTree = "<group>"; };
		9F550DE81DC209B9004D3C8D /* GoodsInfo.hpp */ = {isa = PBXFileReference; fileEncoding = 4; lastKnownFileType = sourcecode.cpp.h; path = GoodsInfo.hpp; sourceTree = "<group>"; };
		9F550DEA1DC209E1004D3C8D /* GoodsRegister.cpp */ = {isa = PBXFileReference; fileEncoding = 4; lastKnownFileType = sourcecode.cpp.cpp; path = GoodsRegister.cpp; sourceTree = "<group>"; };
		9F550DEB1DC209E1004D3C8D /* GoodsRegister.hpp */ = {isa = PBXFileReference; fileEncoding = 4; lastKnownFileType = sourcecode.cpp.h; path = GoodsRegister.hpp; sourceTree = "<group>"; };
		9F550DED1DC20A15004D3C8D /* GoodsList.cpp */ = {isa = PBXFileReference; fileEncoding = 4; lastKnownFileType = sourcecode.cpp.cpp; path = GoodsList.cpp; sourceTree = "<group>"; };
		9F550DEE1DC20A15004D3C8D /* GoodsList.hpp */ = {isa = PBXFileReference; fileEncoding = 4; lastKnownFileType = sourcecode.cpp.h; path = GoodsList.hpp; sourceTree = "<group>"; };
		9F7DFA061DBF41C50076278E /* SHIRAKI Project */ = {isa = PBXFileReference; explicitFileType = "compiled.mach-o.executable"; includeInIndex = 0; path = "SHIRAKI Project"; sourceTree = BUILT_PRODUCTS_DIR; };
		9F7DFA141DBF42360076278E /* main.cpp */ = {isa = PBXFileReference; fileEncoding = 4; lastKnownFileType = sourcecode.cpp.cpp; path = main.cpp; sourceTree = "<group>"; };
		9F7DFA161DBF423B0076278E /* Exception.cpp */ = {isa = PBXFileReference; fileEncoding = 4; lastKnownFileType = sourcecode.cpp.cpp; path = Exception.cpp; sourceTree = "<group>"; };
		9F7DFA171DBF423B0076278E /* Exception.hpp */ = {isa = PBXFileReference; fileEncoding = 4; lastKnownFileType = sourcecode.cpp.h; path = Exception.hpp; sourceTree = "<group>"; };
		9F7DFA181DBF423B0076278E /* FileReader.cpp */ = {isa = PBXFileReference; fileEncoding = 4; lastKnownFileType = sourcecode.cpp.cpp; path = FileReader.cpp; sourceTree = "<group>"; };
		9F7DFA191DBF423B0076278E /* FileReader.hpp */ = {isa = PBXFileReference; fileEncoding = 4; lastKnownFileType = sourcecode.cpp.h; path = FileReader.hpp; sourceTree = "<group>"; };
		9F7DFA1A1DBF423B0076278E /* FileWriter.cpp */ = {isa = PBXFileReference; fileEncoding = 4; lastKnownFileType = sourcecode.cpp.cpp; path = FileWriter.cpp; sourceTree = "<group>"; };
		9F7DFA1B1DBF423B0076278E /* FileWriter.hpp */ = {isa = PBXFileReference; fileEncoding = 4; lastKnownFileType = sourcecode.cpp.h; path = FileWriter.hpp; sourceTree = "<group>"; };
		9F7DFA1C1DBF423B0076278E /* RandomGenerator.cpp */ = {isa = PBXFileReference; fileEncoding = 4; lastKnownFileType = sourcecode.cpp.cpp; path = RandomGenerator.cpp; sourceTree = "<group>"; };
		9F7DFA1D1DBF423B0076278E /* RandomGenerator.hpp */ = {isa = PBXFileReference; fileEncoding = 4; lastKnownFileType = sourcecode.cpp.h; path = RandomGenerator.hpp; sourceTree = "<group>"; };
		9F7DFA221DBF42410076278E /* Database.cpp */ = {isa = PBXFileReference; fileEncoding = 4; lastKnownFileType = sourcecode.cpp.cpp; path = Database.cpp; sourceTree = "<group>"; };
		9F7DFA231DBF42410076278E /* Database.hpp */ = {isa = PBXFileReference; fileEncoding = 4; lastKnownFileType = sourcecode.cpp.h; path = Database.hpp; sourceTree = "<group>"; };
		9F7DFA241DBF42410076278E /* Date.cpp */ = {isa = PBXFileReference; fileEncoding = 4; lastKnownFileType = sourcecode.cpp.cpp; path = Date.cpp; sourceTree = "<group>"; };
		9F7DFA251DBF42410076278E /* Date.hpp */ = {isa = PBXFileReference; fileEncoding = 4; lastKnownFileType = sourcecode.cpp.h; path = Date.hpp; sourceTree = "<group>"; };
		9F7DFA261DBF42410076278E /* DVD.cpp */ = {isa = PBXFileReference; fileEncoding = 4; lastKnownFileType = sourcecode.cpp.cpp; path = DVD.cpp; sourceTree = "<group>"; };
		9F7DFA271DBF42410076278E /* DVD.hpp */ = {isa = PBXFileReference; fileEncoding = 4; lastKnownFileType = sourcecode.cpp.h; path = DVD.hpp; sourceTree = "<group>"; };
		9F7DFA281DBF42410076278E /* Member.cpp */ = {isa = PBXFileReference; fileEncoding = 4; lastKnownFileType = sourcecode.cpp.cpp; path = Member.cpp; sourceTree = "<group>"; };
		9F7DFA291DBF42410076278E /* Member.hpp */ = {isa = PBXFileReference; fileEncoding = 4; lastKnownFileType = sourcecode.cpp.h; path = Member.hpp; sourceTree = "<group>"; };
		9F7DFA2A1DBF42410076278E /* RentalData.cpp */ = {isa = PBXFileReference; fileEncoding = 4; lastKnownFileType = sourcecode.cpp.cpp; path = RentalData.cpp; sourceTree = "<group>"; };
		9F7DFA2B1DBF42410076278E /* RentalData.hpp */ = {isa = PBXFileReference; fileEncoding = 4; lastKnownFileType = sourcecode.cpp.h; path = RentalData.hpp; sourceTree = "<group>"; };
		9F7DFA2C1DBF42410076278E /* Store.cpp */ = {isa = PBXFileReference; fileEncoding = 4; lastKnownFileType = sourcecode.cpp.cpp; path = Store.cpp; sourceTree = "<group>"; };
		9F7DFA2D1DBF42410076278E /* Store.hpp */ = {isa = PBXFileReference; fileEncoding = 4; lastKnownFileType = sourcecode.cpp.h; path = Store.hpp; sourceTree = "<group>"; };
		9F7DFA361DBF42470076278E /* Menu.cpp */ = {isa = PBXFileReference; fileEncoding = 4; lastKnownFileType = sourcecode.cpp.cpp; path = Menu.cpp; sourceTree = "<group>"; };
		9F7DFA371DBF42470076278E /* Menu.hpp */ = {isa = PBXFileReference; fileEncoding = 4; lastKnownFileType = sourcecode.cpp.h; path = Menu.hpp; sourceTree = "<group>"; };
		9F7DFA381DBF42470076278E /* Paginator.cpp */ = {isa = PBXFileReference; fileEncoding = 4; lastKnownFileType = sourcecode.cpp.cpp; path = Paginator.cpp; sourceTree = "<group>"; };
		9F7DFA391DBF42470076278E /* Paginator.hpp */ = {isa = PBXFileReference; fileEncoding = 4; lastKnownFileType = sourcecode.cpp.h; path = Paginator.hpp; sourceTree = "<group>"; };
		9F7DFA3A1DBF42470076278E /* Selector.cpp */ = {isa = PBXFileReference; fileEncoding = 4; lastKnownFileType = sourcecode.cpp.cpp; path = Selector.cpp; sourceTree = "<group>"; };
		9F7DFA3B1DBF42470076278E /* Selector.hpp */ = {isa = PBXFileReference; fileEncoding = 4; lastKnownFileType = sourcecode.cpp.h; path = Selector.hpp; sourceTree = "<group>"; };
		9F7DFA3C1DBF42470076278E /* YesNo.cpp */ = {isa = PBXFileReference; fileEncoding = 4; lastKnownFileType = sourcecode.cpp.cpp; path = YesNo.cpp; sourceTree = "<group>"; };
		9F7DFA3D1DBF42470076278E /* YesNo.hpp */ = {isa = PBXFileReference; fileEncoding = 4; lastKnownFileType = sourcecode.cpp.h; path = YesNo.hpp; sourceTree = "<group>"; };
		9F7DFA461DC05EAF0076278E /* StuffMainMenu.cpp */ = {isa = PBXFileReference; fileEncoding = 4; lastKnownFileType = sourcecode.cpp.cpp; path = StuffMainMenu.cpp; sourceTree = "<group>"; };
		9F7DFA471DC05EAF0076278E /* StuffMainMenu.hpp */ = {isa = PBXFileReference; fileEncoding = 4; lastKnownFileType = sourcecode.cpp.h; path = StuffMainMenu.hpp; sourceTree = "<group>"; };
		9F7DFA501DC061960076278E /* StoreManageMenu.cpp */ = {isa = PBXFileReference; fileEncoding = 4; lastKnownFileType = sourcecode.cpp.cpp; path = StoreManageMenu.cpp; sourceTree = "<group>"; };
		9F7DFA511DC061960076278E /* StoreManageMenu.hpp */ = {isa = PBXFileReference; fileEncoding = 4; lastKnownFileType = sourcecode.cpp.h; path = StoreManageMenu.hpp; sourceTree = "<group>"; };
		9F7DFA521DC061960076278E /* StoreSearchMenu.cpp */ = {isa = PBXFileReference; fileEncoding = 4; lastKnownFileType = sourcecode.cpp.cpp; path = StoreSearchMenu.cpp; sourceTree = "<group>"; };
		9F7DFA531DC061960076278E /* StoreSearchMenu.hpp */ = {isa = PBXFileReference; fileEncoding = 4; lastKnownFileType = sourcecode.cpp.h; path = StoreSearchMenu.hpp; sourceTree = "<group>"; };
		9F7DFA561DC061A00076278E /* Input.cpp */ = {isa = PBXFileReference; fileEncoding = 4; lastKnownFileType = sourcecode.cpp.cpp; path = Input.cpp; sourceTree = "<group>"; };
		9F7DFA571DC061A00076278E /* Input.hpp */ = {isa = PBXFileReference; fileEncoding = 4; lastKnownFileType = sourcecode.cpp.h; path = Input.hpp; sourceTree = "<group>"; };
		9F7DFA591DC064C60076278E /* StoreInfo.cpp */ = {isa = PBXFileReference; fileEncoding = 4; lastKnownFileType = sourcecode.cpp.cpp; path = StoreInfo.cpp; sourceTree = "<group>"; };
		9F7DFA5A1DC064C60076278E /* StoreInfo.hpp */ = {isa = PBXFileReference; fileEncoding = 4; lastKnownFileType = sourcecode.cpp.h; path = StoreInfo.hpp; sourceTree = "<group>"; };
		9F7DFA5C1DC1C2660076278E /* StoreRegister.cpp */ = {isa = PBXFileReference; fileEncoding = 4; lastKnownFileType = sourcecode.cpp.cpp; path = StoreRegister.cpp; sourceTree = "<group>"; };
		9F7DFA5D1DC1C2660076278E /* StoreRegister.hpp */ = {isa = PBXFileReference; fileEncoding = 4; lastKnownFileType = sourcecode.cpp.h; path = StoreRegister.hpp; sourceTree = "<group>"; };
		9F7DFA5F1DC1C4CA0076278E /* StoreList.cpp */ = {isa = PBXFileReference; fileEncoding = 4; lastKnownFileType = sourcecode.cpp.cpp; path = StoreList.cpp; sourceTree = "<group>"; };
		9F7DFA601DC1C4CA0076278E /* StoreList.hpp */ = {isa = PBXFileReference; fileEncoding = 4; lastKnownFileType = sourcecode.cpp.h; path = StoreList.hpp; sourceTree = "<group>"; };
		9F7DFA621DC1CA5D0076278E /* Utility.cpp */ = {isa = PBXFileReference; fileEncoding = 4; lastKnownFileType = sourcecode.cpp.cpp; path = Utility.cpp; sourceTree = "<group>"; };
		9F7DFA631DC1CA5D0076278E /* Utility.hpp */ = {isa = PBXFileReference; fileEncoding = 4; lastKnownFileType = sourcecode.cpp.h; path = Utility.hpp; sourceTree = "<group>"; };
		9F7DFA661DC1CE0F0076278E /* RentalMenu.cpp */ = {isa = PBXFileReference; fileEncoding = 4; lastKnownFileType = sourcecode.cpp.cpp; path = RentalMenu.cpp; sourceTree = "<group>"; };
		9F7DFA671DC1CE0F0076278E /* RentalMenu.hpp */ = {isa = PBXFileReference; fileEncoding = 4; lastKnownFileType = sourcecode.cpp.h; path = RentalMenu.hpp; sourceTree = "<group>"; };
		9F7DFA6B1DC1CE970076278E /* MemberManageMenu.cpp */ = {isa = PBXFileReference; fileEncoding = 4; lastKnownFileType = sourcecode.cpp.cpp; path = MemberManageMenu.cpp; sourceTree = "<group>"; };
		9F7DFA6C1DC1CE970076278E /* MemberManageMenu.hpp */ = {isa = PBXFileReference; fileEncoding = 4; lastKnownFileType = sourcecode.cpp.h; path = MemberManageMenu.hpp; sourceTree = "<group>"; };
		9F7DFA6E1DC1CEE20076278E /* GoodsManageMenu.cpp */ = {isa = PBXFileReference; fileEncoding = 4; lastKnownFileType = sourcecode.cpp.cpp; path = GoodsManageMenu.cpp; sourceTree = "<group>"; };
		9F7DFA6F1DC1CEE20076278E /* GoodsManageMenu.hpp */ = {isa = PBXFileReference; fileEncoding = 4; lastKnownFileType = sourcecode.cpp.h; path = GoodsManageMenu.hpp; sourceTree = "<group>"; };
		9F7DFA711DC1CFC50076278E /* Lend.cpp */ = {isa = PBXFileReference; fileEncoding = 4; lastKnownFileType = sourcecode.cpp.cpp; path = Lend.cpp; sourceTree = "<group>"; };
		9F7DFA721DC1CFC50076278E /* Lend.hpp */ = {isa = PBXFileReference; fileEncoding = 4; lastKnownFileType = sourcecode.cpp.h; path = Lend.hpp; sourceTree = "<group>"; };
		9F7DFA741DC1D1560076278E /* Input.cpp */ = {isa = PBXFileReference; fileEncoding = 4; lastKnownFileType = sourcecode.cpp.cpp; path = Input.cpp; sourceTree = "<group>"; };
		9F7DFA751DC1D1560076278E /* Input.hpp */ = {isa = PBXFileReference; fileEncoding = 4; lastKnownFileType = sourcecode.cpp.h; path = Input.hpp; sourceTree = "<group>"; };
		9F7DFA771DC1D2050076278E /* Input.cpp */ = {isa = PBXFileReference; fileEncoding = 4; lastKnownFileType = sourcecode.cpp.cpp; path = Input.cpp; sourceTree = "<group>"; };
		9F7DFA781DC1D2050076278E /* Input.hpp */ = {isa = PBXFileReference; fileEncoding = 4; lastKnownFileType = sourcecode.cpp.h; path = Input.hpp; sourceTree = "<group>"; };
		9F7DFA7A1DC1D7D70076278E /* Return.cpp */ = {isa = PBXFileReference; fileEncoding = 4; lastKnownFileType = sourcecode.cpp.cpp; path = Return.cpp; sourceTree = "<group>"; };
		9F7DFA7B1DC1D7D70076278E /* Return.hpp */ = {isa = PBXFileReference; fileEncoding = 4; lastKnownFileType = sourcecode.cpp.h; path = Return.hpp; sourceTree = "<group>"; };
		9F7DFA7D1DC1DC3C0076278E /* MemberRegister.cpp */ = {isa = PBXFileReference; fileEncoding = 4; lastKnownFileType = sourcecode.cpp.cpp; path = MemberRegister.cpp; sourceTree = "<group>"; };
		9F7DFA7E1DC1DC3C0076278E /* MemberRegister.hpp */ = {isa = PBXFileReference; fileEncoding = 4; lastKnownFileType = sourcecode.cpp.h; path = MemberRegister.hpp; sourceTree = "<group>"; };
		9F7DFA801DC1E22C0076278E /* MemberSearchMenu.cpp */ = {isa = PBXFileReference; fileEncoding = 4; lastKnownFileType = sourcecode.cpp.cpp; path = MemberSearchMenu.cpp; sourceTree = "<group>"; };
		9F7DFA811DC1E22C0076278E /* MemberSearchMenu.hpp */ = {isa = PBXFileReference; fileEncoding = 4; lastKnownFileType = sourcecode.cpp.h; path = MemberSearchMenu.hpp; sourceTree = "<group>"; };
		9F7DFA831DC1E33F0076278E /* MemberInfo.cpp */ = {isa = PBXFileReference; fileEncoding = 4; lastKnownFileType = sourcecode.cpp.cpp; path = MemberInfo.cpp; sourceTree = "<group>"; };
		9F7DFA841DC1E33F0076278E /* MemberInfo.hpp */ = {isa = PBXFileReference; fileEncoding = 4; lastKnownFileType = sourcecode.cpp.h; path = MemberInfo.hpp; sourceTree = "<group>"; };
/* End PBXFileReference section */

/* Begin PBXFrameworksBuildPhase section */
		9F7DFA031DBF41C40076278E /* Frameworks */ = {
			isa = PBXFrameworksBuildPhase;
			buildActionMask = 2147483647;
			files = (
			);
			runOnlyForDeploymentPostprocessing = 0;
		};
/* End PBXFrameworksBuildPhase section */

/* Begin PBXGroup section */
		9F7DF9FD1DBF41C40076278E = {
			isa = PBXGroup;
			children = (
				9F7DFA081DBF41C50076278E /* src */,
				9F7DFA071DBF41C50076278E /* Products */,
			);
			sourceTree = "<group>";
		};
		9F7DFA071DBF41C50076278E /* Products */ = {
			isa = PBXGroup;
			children = (
				9F7DFA061DBF41C50076278E /* SHIRAKI Project */,
			);
			name = Products;
			sourceTree = "<group>";
		};
		9F7DFA081DBF41C50076278E /* src */ = {
			isa = PBXGroup;
			children = (
				9F7DFA141DBF42360076278E /* main.cpp */,
				9F7DFA631DC1CA5D0076278E /* Utility.hpp */,
				9F7DFA621DC1CA5D0076278E /* Utility.cpp */,
				9F7DFA111DBF41E50076278E /* FileIO */,
				9F7DFA101DBF41E00076278E /* Record */,
				9F7DFA121DBF41EC0076278E /* Interface */,
				9F7DFA131DBF41F80076278E /* Sequences */,
			);
			path = src;
			sourceTree = "<group>";
		};
		9F7DFA101DBF41E00076278E /* Record */ = {
			isa = PBXGroup;
			children = (
				9F7DFA231DBF42410076278E /* Database.hpp */,
				9F7DFA221DBF42410076278E /* Database.cpp */,
				9F7DFA251DBF42410076278E /* Date.hpp */,
				9F7DFA241DBF42410076278E /* Date.cpp */,
				9F7DFA271DBF42410076278E /* DVD.hpp */,
				9F7DFA261DBF42410076278E /* DVD.cpp */,
				9F7DFA291DBF42410076278E /* Member.hpp */,
				9F7DFA281DBF42410076278E /* Member.cpp */,
				9F7DFA2B1DBF42410076278E /* RentalData.hpp */,
				9F7DFA2A1DBF42410076278E /* RentalData.cpp */,
				9F7DFA2D1DBF42410076278E /* Store.hpp */,
				9F7DFA2C1DBF42410076278E /* Store.cpp */,
			);
			path = Record;
			sourceTree = "<group>";
		};
		9F7DFA111DBF41E50076278E /* FileIO */ = {
			isa = PBXGroup;
			children = (
				9F7DFA171DBF423B0076278E /* Exception.hpp */,
				9F7DFA161DBF423B0076278E /* Exception.cpp */,
				9F7DFA191DBF423B0076278E /* FileReader.hpp */,
				9F7DFA181DBF423B0076278E /* FileReader.cpp */,
				9F7DFA1B1DBF423B0076278E /* FileWriter.hpp */,
				9F7DFA1A1DBF423B0076278E /* FileWriter.cpp */,
				9F7DFA1D1DBF423B0076278E /* RandomGenerator.hpp */,
				9F7DFA1C1DBF423B0076278E /* RandomGenerator.cpp */,
			);
			path = FileIO;
			sourceTree = "<group>";
		};
		9F7DFA121DBF41EC0076278E /* Interface */ = {
			isa = PBXGroup;
			children = (
				9F7DFA371DBF42470076278E /* Menu.hpp */,
				9F7DFA361DBF42470076278E /* Menu.cpp */,
				9F7DFA391DBF42470076278E /* Paginator.hpp */,
				9F7DFA381DBF42470076278E /* Paginator.cpp */,
				9F7DFA3B1DBF42470076278E /* Selector.hpp */,
				9F7DFA3A1DBF42470076278E /* Selector.cpp */,
				9F7DFA3D1DBF42470076278E /* YesNo.hpp */,
				9F7DFA3C1DBF42470076278E /* YesNo.cpp */,
			);
			path = Interface;
			sourceTree = "<group>";
		};
		9F7DFA131DBF41F80076278E /* Sequences */ = {
			isa = PBXGroup;
			children = (
				9F7DFA471DC05EAF0076278E /* StuffMainMenu.hpp */,
				9F7DFA461DC05EAF0076278E /* StuffMainMenu.cpp */,
				9F7DFA651DC1CDFB0076278E /* Rental */,
				9F7DFA691DC1CE740076278E /* Members */,
				9F7DFA6A1DC1CE7E0076278E /* Goods */,
				9F7DFA491DC05F2E0076278E /* Stores */,
			);
			path = Sequences;
			sourceTree = "<group>";
		};
		9F7DFA491DC05F2E0076278E /* Stores */ = {
			isa = PBXGroup;
			children = (
				9F7DFA571DC061A00076278E /* Input.hpp */,
				9F7DFA561DC061A00076278E /* Input.cpp */,
				9F7DFA511DC061960076278E /* StoreManageMenu.hpp */,
				9F7DFA501DC061960076278E /* StoreManageMenu.cpp */,
				9F7DFA531DC061960076278E /* StoreSearchMenu.hpp */,
				9F7DFA521DC061960076278E /* StoreSearchMenu.cpp */,
				9F7DFA5A1DC064C60076278E /* StoreInfo.hpp */,
				9F7DFA591DC064C60076278E /* StoreInfo.cpp */,
				9F7DFA5D1DC1C2660076278E /* StoreRegister.hpp */,
				9F7DFA5C1DC1C2660076278E /* StoreRegister.cpp */,
				9F7DFA601DC1C4CA0076278E /* StoreList.hpp */,
				9F7DFA5F1DC1C4CA0076278E /* StoreList.cpp */,
			);
			path = Stores;
			sourceTree = "<group>";
		};
		9F7DFA651DC1CDFB0076278E /* Rental */ = {
			isa = PBXGroup;
			children = (
				9F7DFA671DC1CE0F0076278E /* RentalMenu.hpp */,
				9F7DFA661DC1CE0F0076278E /* RentalMenu.cpp */,
				9F7DFA721DC1CFC50076278E /* Lend.hpp */,
				9F7DFA711DC1CFC50076278E /* Lend.cpp */,
				9F7DFA7B1DC1D7D70076278E /* Return.hpp */,
				9F7DFA7A1DC1D7D70076278E /* Return.cpp */,
			);
			path = Rental;
			sourceTree = "<group>";
		};
		9F7DFA691DC1CE740076278E /* Members */ = {
			isa = PBXGroup;
			children = (
				9F7DFA781DC1D2050076278E /* Input.hpp */,
				9F7DFA771DC1D2050076278E /* Input.cpp */,
				9F7DFA6C1DC1CE970076278E /* MemberManageMenu.hpp */,
				9F7DFA6B1DC1CE970076278E /* MemberManageMenu.cpp */,
				9F7DFA811DC1E22C0076278E /* MemberSearchMenu.hpp */,
				9F7DFA801DC1E22C0076278E /* MemberSearchMenu.cpp */,
				9F7DFA841DC1E33F0076278E /* MemberInfo.hpp */,
				9F7DFA831DC1E33F0076278E /* MemberInfo.cpp */,
				9F7DFA7E1DC1DC3C0076278E /* MemberRegister.hpp */,
				9F7DFA7D1DC1DC3C0076278E /* MemberRegister.cpp */,
				9F550DE21DC205D0004D3C8D /* MemberList.hpp */,
				9F550DE11DC205D0004D3C8D /* MemberList.cpp */,
			);
			path = Members;
			sourceTree = "<group>";
		};
		9F7DFA6A1DC1CE7E0076278E /* Goods */ = {
			isa = PBXGroup;
			children = (
				9F7DFA751DC1D1560076278E /* Input.hpp */,
				9F7DFA741DC1D1560076278E /* Input.cpp */,
				9F7DFA6F1DC1CEE20076278E /* GoodsManageMenu.hpp */,
				9F7DFA6E1DC1CEE20076278E /* GoodsManageMenu.cpp */,
				9F550DE51DC20977004D3C8D /* GoodsSearchMenu.hpp */,
				9F550DE41DC20977004D3C8D /* GoodsSearchMenu.cpp */,
				9F550DE81DC209B9004D3C8D /* GoodsInfo.hpp */,
				9F550DE71DC209B9004D3C8D /* GoodsInfo.cpp */,
				9F550DEB1DC209E1004D3C8D /* GoodsRegister.hpp */,
				9F550DEA1DC209E1004D3C8D /* GoodsRegister.cpp */,
				9F550DEE1DC20A15004D3C8D /* GoodsList.hpp */,
				9F550DED1DC20A15004D3C8D /* GoodsList.cpp */,
			);
			path = Goods;
			sourceTree = "<group>";
		};
/* End PBXGroup section */

/* Begin PBXNativeTarget section */
		9F7DFA051DBF41C40076278E /* SHIRAKI Project */ = {
			isa = PBXNativeTarget;
			buildConfigurationList = 9F7DFA0D1DBF41C50076278E /* Build configuration list for PBXNativeTarget "SHIRAKI Project" */;
			buildPhases = (
				9F7DFA021DBF41C40076278E /* Sources */,
				9F7DFA031DBF41C40076278E /* Frameworks */,
				9F7DFA041DBF41C40076278E /* CopyFiles */,
			);
			buildRules = (
			);
			dependencies = (
			);
			name = "SHIRAKI Project";
			productName = "SHIRAKI Project";
			productReference = 9F7DFA061DBF41C50076278E /* SHIRAKI Project */;
			productType = "com.apple.product-type.tool";
		};
/* End PBXNativeTarget section */

/* Begin PBXProject section */
		9F7DF9FE1DBF41C40076278E /* Project object */ = {
			isa = PBXProject;
			attributes = {
				LastUpgradeCheck = 0800;
				ORGANIZATIONNAME = "SHIRAKI System";
				TargetAttributes = {
					9F7DFA051DBF41C40076278E = {
						CreatedOnToolsVersion = 8.0;
						ProvisioningStyle = Automatic;
					};
				};
			};
			buildConfigurationList = 9F7DFA011DBF41C40076278E /* Build configuration list for PBXProject "SHIRAKI Project" */;
			compatibilityVersion = "Xcode 3.2";
			developmentRegion = English;
			hasScannedForEncodings = 0;
			knownRegions = (
				en,
			);
			mainGroup = 9F7DF9FD1DBF41C40076278E;
			productRefGroup = 9F7DFA071DBF41C50076278E /* Products */;
			projectDirPath = "";
			projectRoot = "";
			targets = (
				9F7DFA051DBF41C40076278E /* SHIRAKI Project */,
			);
		};
/* End PBXProject section */

/* Begin PBXSourcesBuildPhase section */
		9F7DFA021DBF41C40076278E /* Sources */ = {
			isa = PBXSourcesBuildPhase;
			buildActionMask = 2147483647;
			files = (
				9F7DFA731DC1CFC50076278E /* Lend.cpp in Sources */,
				9F7DFA411DBF42470076278E /* Selector.cpp in Sources */,
				9F550DEF1DC20A15004D3C8D /* GoodsList.cpp in Sources */,
				9F7DFA201DBF423B0076278E /* FileWriter.cpp in Sources */,
				9F7DFA681DC1CE0F0076278E /* RentalMenu.cpp in Sources */,
				9F550DE61DC20977004D3C8D /* GoodsSearchMenu.cpp in Sources */,
				9F550DEC1DC209E1004D3C8D /* GoodsRegister.cpp in Sources */,
				9F7DFA581DC061A00076278E /* Input.cpp in Sources */,
				9F7DFA791DC1D2050076278E /* Input.cpp in Sources */,
				9F7DFA7F1DC1DC3C0076278E /* MemberRegister.cpp in Sources */,
				9F550DE31DC205D0004D3C8D /* MemberList.cpp in Sources */,
				9F7DFA5B1DC064C60076278E /* StoreInfo.cpp in Sources */,
				9F7DFA851DC1E33F0076278E /* MemberInfo.cpp in Sources */,
				9F7DFA821DC1E22C0076278E /* MemberSearchMenu.cpp in Sources */,
				9F7DFA3F1DBF42470076278E /* Menu.cpp in Sources */,
				9F7DFA481DC05EAF0076278E /* StuffMainMenu.cpp in Sources */,
				9F7DFA151DBF42360076278E /* main.cpp in Sources */,
				9F7DFA641DC1CA5D0076278E /* Utility.cpp in Sources */,
				9F7DFA761DC1D1560076278E /* Input.cpp in Sources */,
				9F7DFA541DC061960076278E /* StoreManageMenu.cpp in Sources */,
				9F7DFA1F1DBF423B0076278E /* FileReader.cpp in Sources */,
				9F7DFA321DBF42410076278E /* RentalData.cpp in Sources */,
				9F7DFA311DBF42410076278E /* Member.cpp in Sources */,
				9F7DFA6D1DC1CE970076278E /* MemberManageMenu.cpp in Sources */,
				9F7DFA7C1DC1D7D70076278E /* Return.cpp in Sources */,
				9F7DFA1E1DBF423B0076278E /* Exception.cpp in Sources */,
				9F7DFA421DBF42470076278E /* YesNo.cpp in Sources */,
				9F7DFA2F1DBF42410076278E /* Date.cpp in Sources */,
				9F550DE91DC209B9004D3C8D /* GoodsInfo.cpp in Sources */,
				9F7DFA2E1DBF42410076278E /* Database.cpp in Sources */,
				9F7DFA701DC1CEE20076278E /* GoodsManageMenu.cpp in Sources */,
				9F7DFA331DBF42410076278E /* Store.cpp in Sources */,
				9F7DFA301DBF42410076278E /* DVD.cpp in Sources */,
				9F7DFA211DBF423B0076278E /* RandomGenerator.cpp in Sources */,
				9F7DFA5E1DC1C2660076278E /* StoreRegister.cpp in Sources */,
				9F7DFA551DC061960076278E /* StoreSearchMenu.cpp in Sources */,
				9F7DFA401DBF42470076278E /* Paginator.cpp in Sources */,
				9F7DFA611DC1C4CA0076278E /* StoreList.cpp in Sources */,
			);
			runOnlyForDeploymentPostprocessing = 0;
		};
/* End PBXSourcesBuildPhase section */

/* Begin XCBuildConfiguration section */
		9F7DFA0B1DBF41C50076278E /* Debug */ = {
			isa = XCBuildConfiguration;
			buildSettings = {
				ALWAYS_SEARCH_USER_PATHS = NO;
				CLANG_ANALYZER_NONNULL = YES;
				CLANG_CXX_LANGUAGE_STANDARD = "gnu++0x";
				CLANG_CXX_LIBRARY = "libc++";
				CLANG_ENABLE_MODULES = YES;
				CLANG_ENABLE_OBJC_ARC = YES;
				CLANG_WARN_BOOL_CONVERSION = YES;
				CLANG_WARN_CONSTANT_CONVERSION = YES;
				CLANG_WARN_DIRECT_OBJC_ISA_USAGE = YES_ERROR;
				CLANG_WARN_DOCUMENTATION_COMMENTS = YES;
				CLANG_WARN_EMPTY_BODY = YES;
				CLANG_WARN_ENUM_CONVERSION = YES;
				CLANG_WARN_INFINITE_RECURSION = YES;
				CLANG_WARN_INT_CONVERSION = YES;
				CLANG_WARN_OBJC_ROOT_CLASS = YES_ERROR;
				CLANG_WARN_SUSPICIOUS_MOVES = YES;
				CLANG_WARN_UNREACHABLE_CODE = YES;
				CLANG_WARN__DUPLICATE_METHOD_MATCH = YES;
				CODE_SIGN_IDENTITY = "-";
				COPY_PHASE_STRIP = NO;
				DEBUG_INFORMATION_FORMAT = dwarf;
				ENABLE_STRICT_OBJC_MSGSEND = YES;
				ENABLE_TESTABILITY = YES;
				GCC_C_LANGUAGE_STANDARD = gnu99;
				GCC_DYNAMIC_NO_PIC = NO;
				GCC_NO_COMMON_BLOCKS = YES;
				GCC_OPTIMIZATION_LEVEL = 0;
				GCC_PREPROCESSOR_DEFINITIONS = (
					"DEBUG=1",
					"$(inherited)",
				);
				GCC_WARN_64_TO_32_BIT_CONVERSION = YES;
				GCC_WARN_ABOUT_RETURN_TYPE = YES_ERROR;
				GCC_WARN_UNDECLARED_SELECTOR = YES;
				GCC_WARN_UNINITIALIZED_AUTOS = YES_AGGRESSIVE;
				GCC_WARN_UNUSED_FUNCTION = YES;
				GCC_WARN_UNUSED_VARIABLE = YES;
				MACOSX_DEPLOYMENT_TARGET = 10.12;
				MTL_ENABLE_DEBUG_INFO = YES;
				ONLY_ACTIVE_ARCH = YES;
				SDKROOT = macosx;
			};
			name = Debug;
		};
		9F7DFA0C1DBF41C50076278E /* Release */ = {
			isa = XCBuildConfiguration;
			buildSettings = {
				ALWAYS_SEARCH_USER_PATHS = NO;
				CLANG_ANALYZER_NONNULL = YES;
				CLANG_CXX_LANGUAGE_STANDARD = "gnu++0x";
				CLANG_CXX_LIBRARY = "libc++";
				CLANG_ENABLE_MODULES = YES;
				CLANG_ENABLE_OBJC_ARC = YES;
				CLANG_WARN_BOOL_CONVERSION = YES;
				CLANG_WARN_CONSTANT_CONVERSION = YES;
				CLANG_WARN_DIRECT_OBJC_ISA_USAGE = YES_ERROR;
				CLANG_WARN_DOCUMENTATION_COMMENTS = YES;
				CLANG_WARN_EMPTY_BODY = YES;
				CLANG_WARN_ENUM_CONVERSION = YES;
				CLANG_WARN_INFINITE_RECURSION = YES;
				CLANG_WARN_INT_CONVERSION = YES;
				CLANG_WARN_OBJC_ROOT_CLASS = YES_ERROR;
				CLANG_WARN_SUSPICIOUS_MOVES = YES;
				CLANG_WARN_UNREACHABLE_CODE = YES;
				CLANG_WARN__DUPLICATE_METHOD_MATCH = YES;
				CODE_SIGN_IDENTITY = "-";
				COPY_PHASE_STRIP = NO;
				DEBUG_INFORMATION_FORMAT = "dwarf-with-dsym";
				ENABLE_NS_ASSERTIONS = NO;
				ENABLE_STRICT_OBJC_MSGSEND = YES;
				GCC_C_LANGUAGE_STANDARD = gnu99;
				GCC_NO_COMMON_BLOCKS = YES;
				GCC_WARN_64_TO_32_BIT_CONVERSION = YES;
				GCC_WARN_ABOUT_RETURN_TYPE = YES_ERROR;
				GCC_WARN_UNDECLARED_SELECTOR = YES;
				GCC_WARN_UNINITIALIZED_AUTOS = YES_AGGRESSIVE;
				GCC_WARN_UNUSED_FUNCTION = YES;
				GCC_WARN_UNUSED_VARIABLE = YES;
				MACOSX_DEPLOYMENT_TARGET = 10.12;
				MTL_ENABLE_DEBUG_INFO = NO;
				SDKROOT = macosx;
			};
			name = Release;
		};
		9F7DFA0E1DBF41C50076278E /* Debug */ = {
			isa = XCBuildConfiguration;
			buildSettings = {
				PRODUCT_NAME = "$(TARGET_NAME)";
				USER_HEADER_SEARCH_PATHS = "$(SRCROOT)/src";
			};
			name = Debug;
		};
		9F7DFA0F1DBF41C50076278E /* Release */ = {
			isa = XCBuildConfiguration;
			buildSettings = {
				PRODUCT_NAME = "$(TARGET_NAME)";
				USER_HEADER_SEARCH_PATHS = "$(SRCROOT)/src";
			};
			name = Release;
		};
/* End XCBuildConfiguration section */

/* Begin XCConfigurationList section */
		9F7DFA011DBF41C40076278E /* Build configuration list for PBXProject "SHIRAKI Project" */ = {
			isa = XCConfigurationList;
			buildConfigurations = (
				9F7DFA0B1DBF41C50076278E /* Debug */,
				9F7DFA0C1DBF41C50076278E /* Release */,
			);
			defaultConfigurationIsVisible = 0;
			defaultConfigurationName = Release;
		};
		9F7DFA0D1DBF41C50076278E /* Build configuration list for PBXNativeTarget "SHIRAKI Project" */ = {
			isa = XCConfigurationList;
			buildConfigurations = (
				9F7DFA0E1DBF41C50076278E /* Debug */,
				9F7DFA0F1DBF41C50076278E /* Release */,
			);
			defaultConfigurationIsVisible = 0;
			defaultConfigurationName = Release;
		};
/* End XCConfigurationList section */
	};
	rootObject = 9F7DF9FE1DBF41C40076278E /* Project object */;
}
